// !$*UTF8*$!
{
	archiveVersion = 1;
	classes = {
	};
	objectVersion = 46;
	objects = {

/* Begin PBXBuildFile section */
		98F57FB31BC00F650071D3E9 /* main.m in Sources */ = {isa = PBXBuildFile; fileRef = 98F57FB21BC00F650071D3E9 /* main.m */; };
		98F57FB61BC00F650071D3E9 /* AppDelegate.m in Sources */ = {isa = PBXBuildFile; fileRef = 98F57FB51BC00F650071D3E9 /* AppDelegate.m */; };
		98F57FB91BC00F650071D3E9 /* ViewController.m in Sources */ = {isa = PBXBuildFile; fileRef = 98F57FB81BC00F650071D3E9 /* ViewController.m */; };
		98F57FBC1BC00F650071D3E9 /* Main.storyboard in Resources */ = {isa = PBXBuildFile; fileRef = 98F57FBA1BC00F650071D3E9 /* Main.storyboard */; };
		98F57FBE1BC00F650071D3E9 /* Assets.xcassets in Resources */ = {isa = PBXBuildFile; fileRef = 98F57FBD1BC00F650071D3E9 /* Assets.xcassets */; };
		98F57FC11BC00F650071D3E9 /* LaunchScreen.storyboard in Resources */ = {isa = PBXBuildFile; fileRef = 98F57FBF1BC00F650071D3E9 /* LaunchScreen.storyboard */; };
		98F57FCE1BC010480071D3E9 /* QGOCCategory in Resources */ = {isa = PBXBuildFile; fileRef = 98F57FCD1BC010480071D3E9 /* QGOCCategory */; settings = {ASSET_TAGS = (); }; };
/* End PBXBuildFile section */

/* Begin PBXFileReference section */
		98F57FAE1BC00F650071D3E9 /* QGOCCategoryDemo.app */ = {isa = PBXFileReference; explicitFileType = wrapper.application; includeInIndex = 0; path = QGOCCategoryDemo.app; sourceTree = BUILT_PRODUCTS_DIR; };
		98F57FB21BC00F650071D3E9 /* main.m */ = {isa = PBXFileReference; lastKnownFileType = sourcecode.c.objc; path = main.m; sourceTree = "<group>"; };
		98F57FB41BC00F650071D3E9 /* AppDelegate.h */ = {isa = PBXFileReference; lastKnownFileType = sourcecode.c.h; path = AppDelegate.h; sourceTree = "<group>"; };
		98F57FB51BC00F650071D3E9 /* AppDelegate.m */ = {isa = PBXFileReference; lastKnownFileType = sourcecode.c.objc; path = AppDelegate.m; sourceTree = "<group>"; };
		98F57FB71BC00F650071D3E9 /* ViewController.h */ = {isa = PBXFileReference; lastKnownFileType = sourcecode.c.h; path = ViewController.h; sourceTree = "<group>"; };
		98F57FB81BC00F650071D3E9 /* ViewController.m */ = {isa = PBXFileReference; lastKnownFileType = sourcecode.c.objc; path = ViewController.m; sourceTree = "<group>"; };
		98F57FBB1BC00F650071D3E9 /* Base */ = {isa = PBXFileReference; lastKnownFileType = file.storyboard; name = Base; path = Base.lproj/Main.storyboard; sourceTree = "<group>"; };
		98F57FBD1BC00F650071D3E9 /* Assets.xcassets */ = {isa = PBXFileReference; lastKnownFileType = folder.assetcatalog; path = Assets.xcassets; sourceTree = "<group>"; };
		98F57FC01BC00F650071D3E9 /* Base */ = {isa = PBXFileReference; lastKnownFileType = file.storyboard; name = Base; path = Base.lproj/LaunchScreen.storyboard; sourceTree = "<group>"; };
		98F57FC21BC00F650071D3E9 /* Info.plist */ = {isa = PBXFileReference; lastKnownFileType = text.plist.xml; path = Info.plist; sourceTree = "<group>"; };
		98F57FCD1BC010480071D3E9 /* QGOCCategory */ = {isa = PBXFileReference; lastKnownFileType = folder; path = QGOCCategory; sourceTree = "<group>"; };
/* End PBXFileReference section */

/* Begin PBXFrameworksBuildPhase section */
		98F57FAB1BC00F650071D3E9 /* Frameworks */ = {
			isa = PBXFrameworksBuildPhase;
			buildActionMask = 2147483647;
			files = (
			);
			runOnlyForDeploymentPostprocessing = 0;
		};
/* End PBXFrameworksBuildPhase section */

/* Begin PBXGroup section */
		98F57FA51BC00F650071D3E9 = {
			isa = PBXGroup;
			children = (
				98F57FB01BC00F650071D3E9 /* QGOCCategoryDemo */,
				98F57FAF1BC00F650071D3E9 /* Products */,
			);
			sourceTree = "<group>";
		};
		98F57FAF1BC00F650071D3E9 /* Products */ = {
			isa = PBXGroup;
			children = (
				98F57FAE1BC00F650071D3E9 /* QGOCCategoryDemo.app */,
			);
			name = Products;
			sourceTree = "<group>";
		};
		98F57FB01BC00F650071D3E9 /* QGOCCategoryDemo */ = {
			isa = PBXGroup;
			children = (
				98F57FCD1BC010480071D3E9 /* QGOCCategory */,
				98F57FB41BC00F650071D3E9 /* AppDelegate.h */,
				98F57FB51BC00F650071D3E9 /* AppDelegate.m */,
				98F57FB71BC00F650071D3E9 /* ViewController.h */,
				98F57FB81BC00F650071D3E9 /* ViewController.m */,
				98F57FBA1BC00F650071D3E9 /* Main.storyboard */,
				98F57FBD1BC00F650071D3E9 /* Assets.xcassets */,
				98F57FBF1BC00F650071D3E9 /* LaunchScreen.storyboard */,
				98F57FC21BC00F650071D3E9 /* Info.plist */,
				98F57FB11BC00F650071D3E9 /* Supporting Files */,
			);
			path = QGOCCategoryDemo;
			sourceTree = "<group>";
		};
		98F57FB11BC00F650071D3E9 /* Supporting Files */ = {
			isa = PBXGroup;
			children = (
				98F57FB21BC00F650071D3E9 /* main.m */,
			);
			name = "Supporting Files";
			sourceTree = "<group>";
		};
/* End PBXGroup section */

/* Begin PBXNativeTarget section */
		98F57FAD1BC00F650071D3E9 /* QGOCCategoryDemo */ = {
			isa = PBXNativeTarget;
			buildConfigurationList = 98F57FC51BC00F650071D3E9 /* Build configuration list for PBXNativeTarget "QGOCCategoryDemo" */;
			buildPhases = (
				98F57FAA1BC00F650071D3E9 /* Sources */,
				98F57FAB1BC00F650071D3E9 /* Frameworks */,
				98F57FAC1BC00F650071D3E9 /* Resources */,
			);
			buildRules = (
			);
			dependencies = (
			);
			name = QGOCCategoryDemo;
			productName = QGOCCategoryDemo;
			productReference = 98F57FAE1BC00F650071D3E9 /* QGOCCategoryDemo.app */;
			productType = "com.apple.product-type.application";
		};
/* End PBXNativeTarget section */

/* Begin PBXProject section */
		98F57FA61BC00F650071D3E9 /* Project object */ = {
			isa = PBXProject;
			attributes = {
				LastUpgradeCheck = 0700;
				ORGANIZATIONNAME = QuanGe;
				TargetAttributes = {
					98F57FAD1BC00F650071D3E9 = {
						CreatedOnToolsVersion = 7.0;
					};
				};
			};
			buildConfigurationList = 98F57FA91BC00F650071D3E9 /* Build configuration list for PBXProject "QGOCCategoryDemo" */;
			compatibilityVersion = "Xcode 3.2";
			developmentRegion = English;
			hasScannedForEncodings = 0;
			knownRegions = (
				en,
				Base,
			);
			mainGroup = 98F57FA51BC00F650071D3E9;
			productRefGroup = 98F57FAF1BC00F650071D3E9 /* Products */;
			projectDirPath = "";
			projectRoot = "";
			targets = (
				98F57FAD1BC00F650071D3E9 /* QGOCCategoryDemo */,
			);
		};
/* End PBXProject section */

/* Begin PBXResourcesBuildPhase section */
		98F57FAC1BC00F650071D3E9 /* Resources */ = {
			isa = PBXResourcesBuildPhase;
			buildActionMask = 2147483647;
			files = (
				98F57FCE1BC010480071D3E9 /* QGOCCategory in Resources */,
				98F57FC11BC00F650071D3E9 /* LaunchScreen.storyboard in Resources */,
				98F57FBE1BC00F650071D3E9 /* Assets.xcassets in Resources */,
				98F57FBC1BC00F650071D3E9 /* Main.storyboard in Resources */,
			);
			runOnlyForDeploymentPostprocessing = 0;
		};
/* End PBXResourcesBuildPhase section */

/* Begin PBXSourcesBuildPhase section */
		98F57FAA1BC00F650071D3E9 /* Sources */ = {
			isa = PBXSourcesBuildPhase;
			buildActionMask = 2147483647;
			files = (
				98F57FB91BC00F650071D3E9 /* ViewController.m in Sources */,
				98F57FB61BC00F650071D3E9 /* AppDelegate.m in Sources */,
				98F57FB31BC00F650071D3E9 /* main.m in Sources */,
			);
			runOnlyForDeploymentPostprocessing = 0;
		};
/* End PBXSourcesBuildPhase section */

/* Begin PBXVariantGroup section */
		98F57FBA1BC00F650071D3E9 /* Main.storyboard */ = {
			isa = PBXVariantGroup;
			children = (
				98F57FBB1BC00F650071D3E9 /* Base */,
			);
			name = Main.storyboard;
			sourceTree = "<group>";
		};
		98F57FBF1BC00F650071D3E9 /* LaunchScreen.storyboard */ = {
			isa = PBXVariantGroup;
			children = (
				98F57FC01BC00F650071D3E9 /* Base */,
			);
			name = LaunchScreen.storyboard;
			sourceTree = "<group>";
		};
/* End PBXVariantGroup section */

/* Begin XCBuildConfiguration section */
		98F57FC31BC00F650071D3E9 /* Debug */ = {
			isa = XCBuildConfiguration;
			buildSettings = {
				ALWAYS_SEARCH_USER_PATHS = NO;
				CLANG_CXX_LANGUAGE_STANDARD = "gnu++0x";
				CLANG_CXX_LIBRARY = "libc++";
				CLANG_ENABLE_MODULES = YES;
				CLANG_ENABLE_OBJC_ARC = YES;
				CLANG_WARN_BOOL_CONVERSION = YES;
				CLANG_WARN_CONSTANT_CONVERSION = YES;
				CLANG_WARN_DIRECT_OBJC_ISA_USAGE = YES_ERROR;
				CLANG_WARN_EMPTY_BODY = YES;
				CLANG_WARN_ENUM_CONVERSION = YES;
				CLANG_WARN_INT_CONVERSION = YES;
				CLANG_WARN_OBJC_ROOT_CLASS = YES_ERROR;
				CLANG_WARN_UNREACHABLE_CODE = YES;
				CLANG_WARN__DUPLICATE_METHOD_MATCH = YES;
				"CODE_SIGN_IDENTITY[sdk=iphoneos*]" = "iPhone Developer";
				COPY_PHASE_STRIP = NO;
				DEBUG_INFORMATION_FORMAT = dwarf;
				ENABLE_STRICT_OBJC_MSGSEND = YES;
				ENABLE_TESTABILITY = YES;
				GCC_C_LANGUAGE_STANDARD = gnu99;
				GCC_DYNAMIC_NO_PIC = NO;
				GCC_NO_COMMON_BLOCKS = YES;
				GCC_OPTIMIZATION_LEVEL = 0;
				GCC_PREPROCESSOR_DEFINITIONS = (
					"DEBUG=1",
					"$(inherited)",
				);
				GCC_WARN_64_TO_32_BIT_CONVERSION = YES;
				GCC_WARN_ABOUT_RETURN_TYPE = YES_ERROR;
				GCC_WARN_UNDECLARED_SELECTOR = YES;
				GCC_WARN_UNINITIALIZED_AUTOS = YES_AGGRESSIVE;
				GCC_WARN_UNUSED_FUNCTION = YES;
				GCC_WARN_UNUSED_VARIABLE = YES;
				IPHONEOS_DEPLOYMENT_TARGET = 9.0;
				MTL_ENABLE_DEBUG_INFO = YES;
				ONLY_ACTIVE_ARCH = YES;
				SDKROOT = iphoneos;
			};
			name = Debug;
		};
		98F57FC41BC00F650071D3E9 /* Release */ = {
			isa = XCBuildConfiguration;
			buildSettings = {
				ALWAYS_SEARCH_USER_PATHS = NO;
				CLANG_CXX_LANGUAGE_STANDARD = "gnu++0x";
				CLANG_CXX_LIBRARY = "libc++";
				CLANG_ENABLE_MODULES = YES;
				CLANG_ENABLE_OBJC_ARC = YES;
				CLANG_WARN_BOOL_CONVERSION = YES;
				CLANG_WARN_CONSTANT_CONVERSION = YES;
				CLANG_WARN_DIRECT_OBJC_ISA_USAGE = YES_ERROR;
				CLANG_WARN_EMPTY_BODY = YES;
				CLANG_WARN_ENUM_CONVERSION = YES;
				CLANG_WARN_INT_CONVERSION = YES;
				CLANG_WARN_OBJC_ROOT_CLASS = YES_ERROR;
				CLANG_WARN_UNREACHABLE_CODE = YES;
				CLANG_WARN__DUPLICATE_METHOD_MATCH = YES;
				"CODE_SIGN_IDENTITY[sdk=iphoneos*]" = "iPhone Developer";
				COPY_PHASE_STRIP = NO;
				DEBUG_INFORMATION_FORMAT = "dwarf-with-dsym";
				ENABLE_NS_ASSERTIONS = NO;
				ENABLE_STRICT_OBJC_MSGSEND = YES;
				GCC_C_LANGUAGE_STANDARD = gnu99;
				GCC_NO_COMMON_BLOCKS = YES;
				GCC_WARN_64_TO_32_BIT_CONVERSION = YES;
				GCC_WARN_ABOUT_RETURN_TYPE = YES_ERROR;
				GCC_WARN_UNDECLARED_SELECTOR = YES;
				GCC_WARN_UNINITIALIZED_AUTOS = YES_AGGRESSIVE;
				GCC_WARN_UNUSED_FUNCTION = YES;
				GCC_WARN_UNUSED_VARIABLE = YES;
				IPHONEOS_DEPLOYMENT_TARGET = 9.0;
				MTL_ENABLE_DEBUG_INFO = NO;
				SDKROOT = iphoneos;
				VALIDATE_PRODUCT = YES;
			};
			name = Release;
		};
		98F57FC61BC00F650071D3E9 /* Debug */ = {
			isa = XCBuildConfiguration;
			buildSettings = {
				ASSETCATALOG_COMPILER_APPICON_NAME = AppIcon;
				INFOPLIST_FILE = QGOCCategoryDemo/Info.plist;
				LD_RUNPATH_SEARCH_PATHS = "$(inherited) @executable_path/Frameworks";
				PRODUCT_BUNDLE_IDENTIFIER = com.quange.QGOCCategoryDemo;
				PRODUCT_NAME = "$(TARGET_NAME)";
			};
			name = Debug;
		};
		98F57FC71BC00F650071D3E9 /* Release */ = {
			isa = XCBuildConfiguration;
			buildSettings = {
				ASSETCATALOG_COMPILER_APPICON_NAME = AppIcon;
				INFOPLIST_FILE = QGOCCategoryDemo/Info.plist;
				LD_RUNPATH_SEARCH_PATHS = "$(inherited) @executable_path/Frameworks";
				PRODUCT_BUNDLE_IDENTIFIER = com.quange.QGOCCategoryDemo;
				PRODUCT_NAME = "$(TARGET_NAME)";
			};
			name = Release;
		};
/* End XCBuildConfiguration section */

/* Begin XCConfigurationList section */
		98F57FA91BC00F650071D3E9 /* Build configuration list for PBXProject "QGOCCategoryDemo" */ = {
			isa = XCConfigurationList;
			buildConfigurations = (
				98F57FC31BC00F650071D3E9 /* Debug */,
				98F57FC41BC00F650071D3E9 /* Release */,
			);
			defaultConfigurationIsVisible = 0;
			defaultConfigurationName = Release;
		};
		98F57FC51BC00F650071D3E9 /* Build configuration list for PBXNativeTarget "QGOCCategoryDemo" */ = {
			isa = XCConfigurationList;
			buildConfigurations = (
				98F57FC61BC00F650071D3E9 /* Debug */,
				98F57FC71BC00F650071D3E9 /* Release */,
			);
			defaultConfigurationIsVisible = 0;
		};
/* End XCConfigurationList section */
	};
	rootObject = 98F57FA61BC00F650071D3E9 /* Project object */;
}
